# THIS IS A MACHINE-GENERATED FILE. DO NOT EDIT MANUALLY.

[solution]
[solution.context]
solved = true
[[solution.state]]
crate = "aunit"
fulfilment = "solved"
pinned = false
shared = false
transitivity = "direct"
versions = "^23.0.0"
[solution.state.release]
authors = [
"AdaCore",
]
description = "Ada unit test framework"
licenses = "GPL-3.0-or-later WITH GCC-exception-3.1"
maintainers = [
"chouteau@adacore.com",
]
maintainers-logins = [
"Fabien-Chouteau",
]
name = "aunit"
project-files = [
"lib/gnat/aunit.gpr",
]
tags = [
"unit",
"test",
"unit-test",
]
version = "23.0.0"
[solution.state.release.configuration]
auto_gpr_with = true
disabled = true
generate_ada = true
generate_c = true
generate_gpr = true
output_dir = "config"
[solution.state.release.gpr-externals]
AUNIT_BUILD_MODE = [
"Devel",
"Install",
]
AUNIT_RUNTIME = [
"full",
"zfp",
"zfp-cross",
"ravenscar",
"ravenscar-cert",
"cert",
]
[solution.state.release.origin]
hashes = [
"sha512:84ce7d0b5b1af66a171711ee707b6082dddd306798084a43dc337d46d8e61252982b9c25f9c2d73bd6f01ec088337e4c2386dbf7a5cf04180c1c525393cd4c8f",
]
url = "https://github.com/AdaCore/aunit/archive/v23.0.0/aunit-23.0.0.zip"

